
Microsoft Visual Studio Solution File, Format Version 12.00
# Visual Studio 15
VisualStudioVersion = 15.0.26730.12
MinimumVisualStudioVersion = 10.0.40219.1
Project("{FAE04EC0-301F-11D3-BF4B-00C04F79EFBC}") = "GoToWorkFactoryModel", "GoToWorkFactoryModel\GoToWorkFactoryModel.csproj", "{4A2DF83A-9F4A-4426-AD06-DEC3B3D1DC00}"
EndProject
Project("{FAE04EC0-301F-11D3-BF4B-00C04F79EFBC}") = "GoToWorkFactoryServiceDAL", "GoToWorkFactoryServiceDAL\GoToWorkFactoryServiceDAL.csproj", "{3B4A90B1-720F-4C37-90D8-C0278177E69E}"
EndProject
Project("{FAE04EC0-301F-11D3-BF4B-00C04F79EFBC}") = "GoToWorkFactoryImplementDataBase", "GoToWorkFactoryImplementDataBase\GoToWorkFactoryImplementDataBase.csproj", "{046FCC26-0905-4564-B971-4D8A9287E5B8}"
EndProject
Project("{FAE04EC0-301F-11D3-BF4B-00C04F79EFBC}") = "GoToWorkFactoryClientView", "GoToFactoryClientView\GoToWorkFactoryClientView.csproj", "{F9224526-EA11-4FC2-9EEC-D54D548BC1C3}"
EndProject
Global
	GlobalSection(SolutionConfigurationPlatforms) = preSolution
		Debug|Any CPU = Debug|Any CPU
		Release|Any CPU = Release|Any CPU
	EndGlobalSection
	GlobalSection(ProjectConfigurationPlatforms) = postSolution
		{4A2DF83A-9F4A-4426-AD06-DEC3B3D1DC00}.Debug|Any CPU.ActiveCfg = Debug|Any CPU
		{4A2DF83A-9F4A-4426-AD06-DEC3B3D1DC00}.Debug|Any CPU.Build.0 = Debug|Any CPU
		{4A2DF83A-9F4A-4426-AD06-DEC3B3D1DC00}.Release|Any CPU.ActiveCfg = Release|Any CPU
		{4A2DF83A-9F4A-4426-AD06-DEC3B3D1DC00}.Release|Any CPU.Build.0 = Release|Any CPU
		{3B4A90B1-720F-4C37-90D8-C0278177E69E}.Debug|Any CPU.ActiveCfg = Debug|Any CPU
		{3B4A90B1-720F-4C37-90D8-C0278177E69E}.Debug|Any CPU.Build.0 = Debug|Any CPU
		{3B4A90B1-720F-4C37-90D8-C0278177E69E}.Release|Any CPU.ActiveCfg = Release|Any CPU
		{3B4A90B1-720F-4C37-90D8-C0278177E69E}.Release|Any CPU.Build.0 = Release|Any CPU
		{046FCC26-0905-4564-B971-4D8A9287E5B8}.Debug|Any CPU.ActiveCfg = Debug|Any CPU
		{046FCC26-0905-4564-B971-4D8A9287E5B8}.Debug|Any CPU.Build.0 = Debug|Any CPU
		{046FCC26-0905-4564-B971-4D8A9287E5B8}.Release|Any CPU.ActiveCfg = Release|Any CPU
		{046FCC26-0905-4564-B971-4D8A9287E5B8}.Release|Any CPU.Build.0 = Release|Any CPU
		{F9224526-EA11-4FC2-9EEC-D54D548BC1C3}.Debug|Any CPU.ActiveCfg = Debug|Any CPU
		{F9224526-EA11-4FC2-9EEC-D54D548BC1C3}.Debug|Any CPU.Build.0 = Debug|Any CPU
		{F9224526-EA11-4FC2-9EEC-D54D548BC1C3}.Release|Any CPU.ActiveCfg = Release|Any CPU
		{F9224526-EA11-4FC2-9EEC-D54D548BC1C3}.Release|Any CPU.Build.0 = Release|Any CPU
	EndGlobalSection
	GlobalSection(SolutionProperties) = preSolution
		HideSolutionNode = FALSE
	EndGlobalSection
	GlobalSection(ExtensibilityGlobals) = postSolution
		SolutionGuid = {5EDD5D1D-5500-47C5-B456-53F11E4BBB82}
	EndGlobalSection
EndGlobal
